
Microsoft Visual Studio Solution File, Format Version 12.00
# Visual Studio Version 16
VisualStudioVersion = 16.0.30523.141
MinimumVisualStudioVersion = 10.0.40219.1
Project("{FAE04EC0-301F-11D3-BF4B-00C04F79EFBC}") = "WFA_EntityFrameWork_Odev", "WFA_EntityFrameWork_Odev\WFA_EntityFrameWork_Odev.csproj", "{2ED9E3F0-523A-46FE-968D-C76AD201D308}"
EndProject
Global
	GlobalSection(SolutionConfigurationPlatforms) = preSolution
		Debug|Any CPU = Debug|Any CPU
		Release|Any CPU = Release|Any CPU
	EndGlobalSection
	GlobalSection(ProjectConfigurationPlatforms) = postSolution
		{2ED9E3F0-523A-46FE-968D-C76AD201D308}.Debug|Any CPU.ActiveCfg = Debug|Any CPU
		{2ED9E3F0-523A-46FE-968D-C76AD201D308}.Debug|Any CPU.Build.0 = Debug|Any CPU
		{2ED9E3F0-523A-46FE-968D-C76AD201D308}.Release|Any CPU.ActiveCfg = Release|Any CPU
		{2ED9E3F0-523A-46FE-968D-C76AD201D308}.Release|Any CPU.Build.0 = Release|Any CPU
	EndGlobalSection
	GlobalSection(SolutionProperties) = preSolution
		HideSolutionNode = FALSE
	EndGlobalSection
	GlobalSection(ExtensibilityGlobals) = postSolution
		SolutionGuid = {26DAFD8F-B484-4E69-ADDA-1C4128222752}
	EndGlobalSection
EndGlobal
